
Microsoft Visual Studio Solution File, Format Version 12.00
# Visual Studio Version 16
VisualStudioVersion = 16.0.29306.81
MinimumVisualStudioVersion = 10.0.40219.1
Project("{6EC3EE1D-3C4E-46DD-8F32-0CC8E7565705}") = "Aoc2019.Utils", "Aoc2019.Utils\Aoc2019.Utils.fsproj", "{5CCACBF2-9EA1-4379-ABFC-FEE5491C46E5}"
EndProject
Project("{6EC3EE1D-3C4E-46DD-8F32-0CC8E7565705}") = "Aoc2019.D1.P1", "Aoc2019.D1.P1\Aoc2019.D1.P1.fsproj", "{CBF60575-7606-440F-8083-0259588B57B9}"
EndProject
Project("{6EC3EE1D-3C4E-46DD-8F32-0CC8E7565705}") = "Aoc2019.D1.P2", "Aoc2019.D1.P2\Aoc2019.D1.P2.fsproj", "{C1875E5B-6B17-4E0E-A163-3D5DBECD5B1D}"
EndProject
Project("{6EC3EE1D-3C4E-46DD-8F32-0CC8E7565705}") = "Aoc2019.D2.P1", "Aoc2019.D2.P1\Aoc2019.D2.P1.fsproj", "{781532DF-4E28-45BD-B846-446952774B6B}"
EndProject
Project("{6EC3EE1D-3C4E-46DD-8F32-0CC8E7565705}") = "Aoc2019.D2.P2", "Aoc2019.D2.P2\Aoc2019.D2.P2.fsproj", "{A46386E8-449C-4126-93BA-FC19E13DD3F5}"
EndProject
Project("{6EC3EE1D-3C4E-46DD-8F32-0CC8E7565705}") = "Aoc2019.D3.P1", "Aoc2019.D3.P1\Aoc2019.D3.P1.fsproj", "{0A584D71-8E66-48AF-8864-3708F1EF62F1}"
EndProject
Project("{6EC3EE1D-3C4E-46DD-8F32-0CC8E7565705}") = "Aoc2019.D3.P2", "Aoc2019.D3.P2\Aoc2019.D3.P2.fsproj", "{2822F215-DAB9-4CDF-8820-05158DA6DC80}"
EndProject
Project("{6EC3EE1D-3C4E-46DD-8F32-0CC8E7565705}") = "Aoc2019.D4.P1", "Aoc2019.D4.P1\Aoc2019.D4.P1.fsproj", "{F728021D-F08A-4C9D-8B61-6347C20C5A5B}"
EndProject
Project("{6EC3EE1D-3C4E-46DD-8F32-0CC8E7565705}") = "Aoc2019.D4.P2", "Aoc2019.D4.P2\Aoc2019.D4.P2.fsproj", "{0EAC88D9-FE31-4497-878E-5F78D693BAD1}"
EndProject
Project("{6EC3EE1D-3C4E-46DD-8F32-0CC8E7565705}") = "Aoc2019.D5.P1", "Aoc2019.D5.P1\Aoc2019.D5.P1.fsproj", "{0122D828-959C-457C-AE74-1D4593CB7517}"
EndProject
Global
	GlobalSection(SolutionConfigurationPlatforms) = preSolution
		Debug|Any CPU = Debug|Any CPU
		Release|Any CPU = Release|Any CPU
	EndGlobalSection
	GlobalSection(ProjectConfigurationPlatforms) = postSolution
		{5CCACBF2-9EA1-4379-ABFC-FEE5491C46E5}.Debug|Any CPU.ActiveCfg = Debug|Any CPU
		{5CCACBF2-9EA1-4379-ABFC-FEE5491C46E5}.Debug|Any CPU.Build.0 = Debug|Any CPU
		{5CCACBF2-9EA1-4379-ABFC-FEE5491C46E5}.Release|Any CPU.ActiveCfg = Release|Any CPU
		{5CCACBF2-9EA1-4379-ABFC-FEE5491C46E5}.Release|Any CPU.Build.0 = Release|Any CPU
		{CBF60575-7606-440F-8083-0259588B57B9}.Debug|Any CPU.ActiveCfg = Debug|Any CPU
		{CBF60575-7606-440F-8083-0259588B57B9}.Debug|Any CPU.Build.0 = Debug|Any CPU
		{CBF60575-7606-440F-8083-0259588B57B9}.Release|Any CPU.ActiveCfg = Release|Any CPU
		{CBF60575-7606-440F-8083-0259588B57B9}.Release|Any CPU.Build.0 = Release|Any CPU
		{C1875E5B-6B17-4E0E-A163-3D5DBECD5B1D}.Debug|Any CPU.ActiveCfg = Debug|Any CPU
		{C1875E5B-6B17-4E0E-A163-3D5DBECD5B1D}.Debug|Any CPU.Build.0 = Debug|Any CPU
		{C1875E5B-6B17-4E0E-A163-3D5DBECD5B1D}.Release|Any CPU.ActiveCfg = Release|Any CPU
		{C1875E5B-6B17-4E0E-A163-3D5DBECD5B1D}.Release|Any CPU.Build.0 = Release|Any CPU
		{781532DF-4E28-45BD-B846-446952774B6B}.Debug|Any CPU.ActiveCfg = Debug|Any CPU
		{781532DF-4E28-45BD-B846-446952774B6B}.Debug|Any CPU.Build.0 = Debug|Any CPU
		{781532DF-4E28-45BD-B846-446952774B6B}.Release|Any CPU.ActiveCfg = Release|Any CPU
		{781532DF-4E28-45BD-B846-446952774B6B}.Release|Any CPU.Build.0 = Release|Any CPU
		{A46386E8-449C-4126-93BA-FC19E13DD3F5}.Debug|Any CPU.ActiveCfg = Debug|Any CPU
		{A46386E8-449C-4126-93BA-FC19E13DD3F5}.Debug|Any CPU.Build.0 = Debug|Any CPU
		{A46386E8-449C-4126-93BA-FC19E13DD3F5}.Release|Any CPU.ActiveCfg = Release|Any CPU
		{A46386E8-449C-4126-93BA-FC19E13DD3F5}.Release|Any CPU.Build.0 = Release|Any CPU
		{0A584D71-8E66-48AF-8864-3708F1EF62F1}.Debug|Any CPU.ActiveCfg = Debug|Any CPU
		{0A584D71-8E66-48AF-8864-3708F1EF62F1}.Debug|Any CPU.Build.0 = Debug|Any CPU
		{0A584D71-8E66-48AF-8864-3708F1EF62F1}.Release|Any CPU.ActiveCfg = Release|Any CPU
		{0A584D71-8E66-48AF-8864-3708F1EF62F1}.Release|Any CPU.Build.0 = Release|Any CPU
		{2822F215-DAB9-4CDF-8820-05158DA6DC80}.Debug|Any CPU.ActiveCfg = Debug|Any CPU
		{2822F215-DAB9-4CDF-8820-05158DA6DC80}.Debug|Any CPU.Build.0 = Debug|Any CPU
		{2822F215-DAB9-4CDF-8820-05158DA6DC80}.Release|Any CPU.ActiveCfg = Release|Any CPU
		{2822F215-DAB9-4CDF-8820-05158DA6DC80}.Release|Any CPU.Build.0 = Release|Any CPU
		{F728021D-F08A-4C9D-8B61-6347C20C5A5B}.Debug|Any CPU.ActiveCfg = Debug|Any CPU
		{F728021D-F08A-4C9D-8B61-6347C20C5A5B}.Debug|Any CPU.Build.0 = Debug|Any CPU
		{F728021D-F08A-4C9D-8B61-6347C20C5A5B}.Release|Any CPU.ActiveCfg = Release|Any CPU
		{F728021D-F08A-4C9D-8B61-6347C20C5A5B}.Release|Any CPU.Build.0 = Release|Any CPU
		{0EAC88D9-FE31-4497-878E-5F78D693BAD1}.Debug|Any CPU.ActiveCfg = Debug|Any CPU
		{0EAC88D9-FE31-4497-878E-5F78D693BAD1}.Debug|Any CPU.Build.0 = Debug|Any CPU
		{0EAC88D9-FE31-4497-878E-5F78D693BAD1}.Release|Any CPU.ActiveCfg = Release|Any CPU
		{0EAC88D9-FE31-4497-878E-5F78D693BAD1}.Release|Any CPU.Build.0 = Release|Any CPU
		{0122D828-959C-457C-AE74-1D4593CB7517}.Debug|Any CPU.ActiveCfg = Debug|Any CPU
		{0122D828-959C-457C-AE74-1D4593CB7517}.Debug|Any CPU.Build.0 = Debug|Any CPU
		{0122D828-959C-457C-AE74-1D4593CB7517}.Release|Any CPU.ActiveCfg = Release|Any CPU
		{0122D828-959C-457C-AE74-1D4593CB7517}.Release|Any CPU.Build.0 = Release|Any CPU
	EndGlobalSection
	GlobalSection(SolutionProperties) = preSolution
		HideSolutionNode = FALSE
	EndGlobalSection
	GlobalSection(ExtensibilityGlobals) = postSolution
		SolutionGuid = {782E913F-1D5D-465A-91B2-B3B85AA4DB5D}
	EndGlobalSection
EndGlobal
